
Microsoft Visual Studio Solution File, Format Version 12.00
# Visual Studio 15
VisualStudioVersion = 15.0.27428.2015
MinimumVisualStudioVersion = 10.0.40219.1
Project("{FAE04EC0-301F-11D3-BF4B-00C04F79EFBC}") = "TheChessBoard", "TheChessBoard\TheChessBoard.csproj", "{DAAF291E-B7B2-4D61-B4B2-DC42AD1C0BDA}"
EndProject
Project("{FAE04EC0-301F-11D3-BF4B-00C04F79EFBC}") = "TestConsoleApp1", "TestConsoleApp1\TestConsoleApp1.csproj", "{63F75B8E-D1AC-4F9A-B282-2907D4F7BA0B}"
EndProject
Project("{FAE04EC0-301F-11D3-BF4B-00C04F79EFBC}") = "TestConsoleApp2", "TestConsoleApp2\TestConsoleApp2.csproj", "{3F558D15-93D9-462B-B466-868FC5B2D855}"
EndProject
Project("{FAE04EC0-301F-11D3-BF4B-00C04F79EFBC}") = "DemoConsoleApp1", "DemoConsoleApp1\DemoConsoleApp1.csproj", "{104CD638-D276-44E3-930A-C9E1F392639E}"
EndProject
Global
	GlobalSection(SolutionConfigurationPlatforms) = preSolution
		Debug|Any CPU = Debug|Any CPU
		Release|Any CPU = Release|Any CPU
	EndGlobalSection
	GlobalSection(ProjectConfigurationPlatforms) = postSolution
		{DAAF291E-B7B2-4D61-B4B2-DC42AD1C0BDA}.Debug|Any CPU.ActiveCfg = Debug|Any CPU
		{DAAF291E-B7B2-4D61-B4B2-DC42AD1C0BDA}.Debug|Any CPU.Build.0 = Debug|Any CPU
		{DAAF291E-B7B2-4D61-B4B2-DC42AD1C0BDA}.Release|Any CPU.ActiveCfg = Release|Any CPU
		{DAAF291E-B7B2-4D61-B4B2-DC42AD1C0BDA}.Release|Any CPU.Build.0 = Release|Any CPU
		{63F75B8E-D1AC-4F9A-B282-2907D4F7BA0B}.Debug|Any CPU.ActiveCfg = Debug|Any CPU
		{63F75B8E-D1AC-4F9A-B282-2907D4F7BA0B}.Debug|Any CPU.Build.0 = Debug|Any CPU
		{63F75B8E-D1AC-4F9A-B282-2907D4F7BA0B}.Release|Any CPU.ActiveCfg = Release|Any CPU
		{63F75B8E-D1AC-4F9A-B282-2907D4F7BA0B}.Release|Any CPU.Build.0 = Release|Any CPU
		{3F558D15-93D9-462B-B466-868FC5B2D855}.Debug|Any CPU.ActiveCfg = Debug|Any CPU
		{3F558D15-93D9-462B-B466-868FC5B2D855}.Debug|Any CPU.Build.0 = Debug|Any CPU
		{3F558D15-93D9-462B-B466-868FC5B2D855}.Release|Any CPU.ActiveCfg = Release|Any CPU
		{3F558D15-93D9-462B-B466-868FC5B2D855}.Release|Any CPU.Build.0 = Release|Any CPU
		{104CD638-D276-44E3-930A-C9E1F392639E}.Debug|Any CPU.ActiveCfg = Debug|Any CPU
		{104CD638-D276-44E3-930A-C9E1F392639E}.Debug|Any CPU.Build.0 = Debug|Any CPU
		{104CD638-D276-44E3-930A-C9E1F392639E}.Release|Any CPU.ActiveCfg = Release|Any CPU
		{104CD638-D276-44E3-930A-C9E1F392639E}.Release|Any CPU.Build.0 = Release|Any CPU
	EndGlobalSection
	GlobalSection(SolutionProperties) = preSolution
		HideSolutionNode = FALSE
	EndGlobalSection
	GlobalSection(ExtensibilityGlobals) = postSolution
		SolutionGuid = {0BA30CDD-5133-4609-AF6E-E31236E73E4D}
	EndGlobalSection
EndGlobal
